{
  "nodes": {
    "nixpkgs": {
      "locked": {
        "lastModified": 1596658923,
        "narHash": "sha256-mTROkYNB1wv3LDw+fVqpp8Bux4bDpPz7rr2UdvtvAA8=",
        "owner": "NixOS",
        "repo": "nixpkgs",
        "rev": "0c0fe6d85b92c4e992e314bd6f9943413af9a309",
        "type": "github"
      },
      "original": {
        "owner": "NixOS",
        "ref": "nixos-20.03",
        "repo": "nixpkgs",
        "type": "github"
      }
    },
    "root": {
      "inputs": {
        "nixpkgs": "nixpkgs"
      }
    }
  },
  "root": "root",
  "version": 7
}
